{
  "nodes": {
    "nixpkgs": {
      "locked": {
        "lastModified": 1773610124,
        "narHash": "sha256-EpC7ELOKmb+xXaqpK5ZRpJ5g9fxxg6tWny7/rUBfrwk=",
        "owner": "nixos",
        "repo": "nixpkgs",
        "rev": "9fe1300f4360e13f39d6d1d006e54fd5093e9ad5",
        "type": "github"
      },
      "original": {
        "owner": "nixos",
        "ref": "nixos-25.11",
        "repo": "nixpkgs",
        "type": "github"
      }
    },
    "nixpkgs-unstable": {
      "locked": {
        "lastModified": 1773579282,
        "narHash": "sha256-LWvZj9Bvm1EuoO6zbX4yjZebwnZNfeTbmCJGS7RGQ3Y=",
        "owner": "nixos",
        "repo": "nixpkgs",
        "rev": "5a88de74db0e948139be4b46f9a94d64aa11391c",
        "type": "github"
      },
      "original": {
        "owner": "nixos",
        "ref": "nixos-unstable",
        "repo": "nixpkgs",
        "type": "github"
      }
    },
    "root": {
      "inputs": {
        "nixpkgs": "nixpkgs",
        "nixpkgs-unstable": "nixpkgs-unstable"
      }
    }
  },
  "root": "root",
  "version": 7
}
